
Microsoft Visual Studio Solution File, Format Version 12.00
# Visual Studio 15
Project("{FAE04EC0-301F-11D3-BF4B-00C04F79EFBC}") = "Assembly-CSharp", "Assembly-CSharp.csproj", "{DF974493-C53E-E31A-59B7-0CAA2C55EE97}"
EndProject
Global
	GlobalSection(SolutionConfigurationPlatforms) = preSolution
		Debug|Any CPU = Debug|Any CPU
		Release|Any CPU = Release|Any CPU
	EndGlobalSection
	GlobalSection(ProjectConfigurationPlatforms) = postSolution
		{DF974493-C53E-E31A-59B7-0CAA2C55EE97}.Debug|Any CPU.ActiveCfg = Debug|Any CPU
		{DF974493-C53E-E31A-59B7-0CAA2C55EE97}.Debug|Any CPU.Build.0 = Debug|Any CPU
		{DF974493-C53E-E31A-59B7-0CAA2C55EE97}.Release|Any CPU.ActiveCfg = Release|Any CPU
		{DF974493-C53E-E31A-59B7-0CAA2C55EE97}.Release|Any CPU.Build.0 = Release|Any CPU
	EndGlobalSection
	GlobalSection(SolutionProperties) = preSolution
		HideSolutionNode = FALSE
	EndGlobalSection
EndGlobal
